
Microsoft Visual Studio Solution File, Format Version 12.00
# Visual Studio Version 17
VisualStudioVersion = 17.10.35013.160
MinimumVisualStudioVersion = 10.0.40219.1
Project("{FAE04EC0-301F-11D3-BF4B-00C04F79EFBC}") = "Portfolio_initial", "Portfolio_initial\Portfolio_initial.csproj", "{C0D11C1D-A23A-4893-A312-6A02C7A7475D}"
EndProject
Global
	GlobalSection(SolutionConfigurationPlatforms) = preSolution
		Debug|Any CPU = Debug|Any CPU
		Release|Any CPU = Release|Any CPU
	EndGlobalSection
	GlobalSection(ProjectConfigurationPlatforms) = postSolution
		{C0D11C1D-A23A-4893-A312-6A02C7A7475D}.Debug|Any CPU.ActiveCfg = Debug|Any CPU
		{C0D11C1D-A23A-4893-A312-6A02C7A7475D}.Debug|Any CPU.Build.0 = Debug|Any CPU
		{C0D11C1D-A23A-4893-A312-6A02C7A7475D}.Release|Any CPU.ActiveCfg = Release|Any CPU
		{C0D11C1D-A23A-4893-A312-6A02C7A7475D}.Release|Any CPU.Build.0 = Release|Any CPU
	EndGlobalSection
	GlobalSection(SolutionProperties) = preSolution
		HideSolutionNode = FALSE
	EndGlobalSection
	GlobalSection(ExtensibilityGlobals) = postSolution
		SolutionGuid = {88738573-F103-48A6-B161-1BEBE9FD6C48}
	EndGlobalSection
EndGlobal
